
Microsoft Visual Studio Solution File, Format Version 12.00
# Visual Studio Version 17
VisualStudioVersion = 17.8.34316.72
MinimumVisualStudioVersion = 10.0.40219.1
Project("{FAE04EC0-301F-11D3-BF4B-00C04F79EFBC}") = "Final_project_5_6", "Final_project_5_6.csproj", "{954EFBCB-9A22-4FD9-B128-E8D9FA456A94}"
EndProject
Global
	GlobalSection(SolutionConfigurationPlatforms) = preSolution
		Debug|Any CPU = Debug|Any CPU
		Release|Any CPU = Release|Any CPU
	EndGlobalSection
	GlobalSection(ProjectConfigurationPlatforms) = postSolution
		{954EFBCB-9A22-4FD9-B128-E8D9FA456A94}.Debug|Any CPU.ActiveCfg = Debug|Any CPU
		{954EFBCB-9A22-4FD9-B128-E8D9FA456A94}.Debug|Any CPU.Build.0 = Debug|Any CPU
		{954EFBCB-9A22-4FD9-B128-E8D9FA456A94}.Release|Any CPU.ActiveCfg = Release|Any CPU
		{954EFBCB-9A22-4FD9-B128-E8D9FA456A94}.Release|Any CPU.Build.0 = Release|Any CPU
	EndGlobalSection
	GlobalSection(SolutionProperties) = preSolution
		HideSolutionNode = FALSE
	EndGlobalSection
	GlobalSection(ExtensibilityGlobals) = postSolution
		SolutionGuid = {347F020F-FBAD-4069-9FC3-7B1D3E438ED1}
	EndGlobalSection
EndGlobal
